
Microsoft Visual Studio Solution File, Format Version 11.00
# Visual C++ Express 2010
Project("{8BC9CEB8-8B4A-11D0-8D11-00A0C91BC942}") = "1222", "1222\1222.vcxproj", "{27ABA604-24A5-42EA-9A27-98923AEAE28E}"
EndProject
Global
	GlobalSection(SolutionConfigurationPlatforms) = preSolution
		Debug|Win32 = Debug|Win32
		Release|Win32 = Release|Win32
	EndGlobalSection
	GlobalSection(ProjectConfigurationPlatforms) = postSolution
		{27ABA604-24A5-42EA-9A27-98923AEAE28E}.Debug|Win32.ActiveCfg = Debug|Win32
		{27ABA604-24A5-42EA-9A27-98923AEAE28E}.Debug|Win32.Build.0 = Debug|Win32
		{27ABA604-24A5-42EA-9A27-98923AEAE28E}.Release|Win32.ActiveCfg = Release|Win32
		{27ABA604-24A5-42EA-9A27-98923AEAE28E}.Release|Win32.Build.0 = Release|Win32
	EndGlobalSection
	GlobalSection(SolutionProperties) = preSolution
		HideSolutionNode = FALSE
	EndGlobalSection
EndGlobal
